
Microsoft Visual Studio Solution File, Format Version 12.00
# Visual Studio Version 16
VisualStudioVersion = 16.0.31229.75
MinimumVisualStudioVersion = 10.0.40219.1
Project("{9A19103F-16F7-4668-BE54-9A1E7A4F7556}") = "Ariadna", "Ariadna\Ariadna.csproj", "{E01E1BA9-9601-4172-A5D5-228F31F7F0AF}"
EndProject
Project("{9A19103F-16F7-4668-BE54-9A1E7A4F7556}") = "Ariadna.Core", "Ariadna.Core\Ariadna.Core.csproj", "{6110B80B-058C-4467-A5F8-6A0D50461783}"
EndProject
Project("{2150E333-8FDC-42A3-9474-1A3956D46DE8}") = "Controls", "Controls", "{EBD166B2-CD05-4841-8B90-D44612E83148}"
EndProject
Project("{9A19103F-16F7-4668-BE54-9A1E7A4F7556}") = "Ariadna.AvalonDockTheme", "Controls\Ariadna.AvalonDockTheme\Ariadna.AvalonDockTheme.csproj", "{0FAC0EAB-73EF-484A-BCCD-234298F154F7}"
EndProject
Project("{9A19103F-16F7-4668-BE54-9A1E7A4F7556}") = "Ariadna.QuickActionsBar", "Controls\Ariadna.QuickActionsBar\Ariadna.QuickActionsBar.csproj", "{27E772D4-7D11-444C-9C0B-D2EF5EB2E74E}"
EndProject
Project("{2150E333-8FDC-42A3-9474-1A3956D46DE8}") = "Engine", "Engine", "{A244B34F-7EB8-48D2-806F-332DA5B6898D}"
EndProject
Project("{9A19103F-16F7-4668-BE54-9A1E7A4F7556}") = "Ariadna.Engine", "Engine\Ariadna.Engine\Ariadna.Engine.csproj", "{8F57D135-6588-40EA-A24C-9D314506C744}"
EndProject
Project("{2150E333-8FDC-42A3-9474-1A3956D46DE8}") = "Core", "Core", "{078B8B34-626E-4AC9-A3E7-EF5402C2AD4F}"
EndProject
Project("{2150E333-8FDC-42A3-9474-1A3956D46DE8}") = "Modules", "Modules", "{CD147DF6-8430-4466-9F02-7E33A810BC0C}"
EndProject
Project("{9A19103F-16F7-4668-BE54-9A1E7A4F7556}") = "Ariadna.Engine.Core", "Engine\Core\Ariadna.Engine.Core\Ariadna.Engine.Core.csproj", "{186741B3-818C-4A4C-9740-628061AAD7CB}"
EndProject
Project("{9A19103F-16F7-4668-BE54-9A1E7A4F7556}") = "Ariadna.Engine.Core.Tests", "Engine\Core\Ariadna.Engine.Core.Tests\Ariadna.Engine.Core.Tests.csproj", "{7BF75857-D65F-44E8-81A0-B31396EE81DB}"
EndProject
Project("{9A19103F-16F7-4668-BE54-9A1E7A4F7556}") = "Ariadna.Engine.GeometryCreator", "Engine\Modules\Ariadna.Engine.GeometryCreator\Ariadna.Engine.GeometryCreator.csproj", "{58C2A35C-7CB6-454C-AFF3-82345F2CE3BB}"
EndProject
Project("{9A19103F-16F7-4668-BE54-9A1E7A4F7556}") = "Ariadna.Engine.PointCreator", "Engine\Modules\Ariadna.Engine.PointCreator\Ariadna.Engine.PointCreator.csproj", "{C97CCE3C-CDE7-48AC-AE08-741D6B74B486}"
EndProject
Project("{9A19103F-16F7-4668-BE54-9A1E7A4F7556}") = "Ariadna.Engine.Reflection", "Engine\Modules\Ariadna.Engine.Reflection\Ariadna.Engine.Reflection.csproj", "{F010AE03-F775-499E-B71E-84E60034258C}"
EndProject
Project("{9A19103F-16F7-4668-BE54-9A1E7A4F7556}") = "Ariadna.Engine.Rotation", "Engine\Modules\Ariadna.Engine.Rotation\Ariadna.Engine.Rotation.csproj", "{A99A7A05-43C4-4A5B-819F-2B4E8C830CAD}"
EndProject
Project("{9A19103F-16F7-4668-BE54-9A1E7A4F7556}") = "Ariadna.Engine.RulerCreator", "Engine\Modules\Ariadna.Engine.RulerCreator\Ariadna.Engine.RulerCreator.csproj", "{68C952E7-5827-4D4D-B1FF-60644C9BE974}"
EndProject
Project("{9A19103F-16F7-4668-BE54-9A1E7A4F7556}") = "Ariadna.Engine.Transformation", "Engine\Modules\Ariadna.Engine.Transformation\Ariadna.Engine.Transformation.csproj", "{B6F4D8B7-CAD9-4341-BBBF-D20F1883C571}"
EndProject
Global
	GlobalSection(SolutionConfigurationPlatforms) = preSolution
		Debug|Any CPU = Debug|Any CPU
		Debug|x64 = Debug|x64
		Debug|x86 = Debug|x86
		Release|Any CPU = Release|Any CPU
		Release|x64 = Release|x64
		Release|x86 = Release|x86
	EndGlobalSection
	GlobalSection(ProjectConfigurationPlatforms) = postSolution
		{E01E1BA9-9601-4172-A5D5-228F31F7F0AF}.Debug|Any CPU.ActiveCfg = Debug|Any CPU
		{E01E1BA9-9601-4172-A5D5-228F31F7F0AF}.Debug|Any CPU.Build.0 = Debug|Any CPU
		{E01E1BA9-9601-4172-A5D5-228F31F7F0AF}.Debug|x64.ActiveCfg = Debug|Any CPU
		{E01E1BA9-9601-4172-A5D5-228F31F7F0AF}.Debug|x64.Build.0 = Debug|Any CPU
		{E01E1BA9-9601-4172-A5D5-228F31F7F0AF}.Debug|x86.ActiveCfg = Debug|x86
		{E01E1BA9-9601-4172-A5D5-228F31F7F0AF}.Debug|x86.Build.0 = Debug|x86
		{E01E1BA9-9601-4172-A5D5-228F31F7F0AF}.Release|Any CPU.ActiveCfg = Release|Any CPU
		{E01E1BA9-9601-4172-A5D5-228F31F7F0AF}.Release|Any CPU.Build.0 = Release|Any CPU
		{E01E1BA9-9601-4172-A5D5-228F31F7F0AF}.Release|x64.ActiveCfg = Release|Any CPU
		{E01E1BA9-9601-4172-A5D5-228F31F7F0AF}.Release|x64.Build.0 = Release|Any CPU
		{E01E1BA9-9601-4172-A5D5-228F31F7F0AF}.Release|x86.ActiveCfg = Release|x86
		{E01E1BA9-9601-4172-A5D5-228F31F7F0AF}.Release|x86.Build.0 = Release|x86
		{6110B80B-058C-4467-A5F8-6A0D50461783}.Debug|Any CPU.ActiveCfg = Debug|Any CPU
		{6110B80B-058C-4467-A5F8-6A0D50461783}.Debug|Any CPU.Build.0 = Debug|Any CPU
		{6110B80B-058C-4467-A5F8-6A0D50461783}.Debug|x64.ActiveCfg = Debug|Any CPU
		{6110B80B-058C-4467-A5F8-6A0D50461783}.Debug|x64.Build.0 = Debug|Any CPU
		{6110B80B-058C-4467-A5F8-6A0D50461783}.Debug|x86.ActiveCfg = Debug|x86
		{6110B80B-058C-4467-A5F8-6A0D50461783}.Debug|x86.Build.0 = Debug|x86
		{6110B80B-058C-4467-A5F8-6A0D50461783}.Release|Any CPU.ActiveCfg = Release|Any CPU
		{6110B80B-058C-4467-A5F8-6A0D50461783}.Release|Any CPU.Build.0 = Release|Any CPU
		{6110B80B-058C-4467-A5F8-6A0D50461783}.Release|x64.ActiveCfg = Release|Any CPU
		{6110B80B-058C-4467-A5F8-6A0D50461783}.Release|x64.Build.0 = Release|Any CPU
		{6110B80B-058C-4467-A5F8-6A0D50461783}.Release|x86.ActiveCfg = Release|x86
		{6110B80B-058C-4467-A5F8-6A0D50461783}.Release|x86.Build.0 = Release|x86
		{0FAC0EAB-73EF-484A-BCCD-234298F154F7}.Debug|Any CPU.ActiveCfg = Debug|Any CPU
		{0FAC0EAB-73EF-484A-BCCD-234298F154F7}.Debug|Any CPU.Build.0 = Debug|Any CPU
		{0FAC0EAB-73EF-484A-BCCD-234298F154F7}.Debug|x64.ActiveCfg = Debug|Any CPU
		{0FAC0EAB-73EF-484A-BCCD-234298F154F7}.Debug|x64.Build.0 = Debug|Any CPU
		{0FAC0EAB-73EF-484A-BCCD-234298F154F7}.Debug|x86.ActiveCfg = Debug|x86
		{0FAC0EAB-73EF-484A-BCCD-234298F154F7}.Debug|x86.Build.0 = Debug|x86
		{0FAC0EAB-73EF-484A-BCCD-234298F154F7}.Release|Any CPU.ActiveCfg = Release|Any CPU
		{0FAC0EAB-73EF-484A-BCCD-234298F154F7}.Release|Any CPU.Build.0 = Release|Any CPU
		{0FAC0EAB-73EF-484A-BCCD-234298F154F7}.Release|x64.ActiveCfg = Release|Any CPU
		{0FAC0EAB-73EF-484A-BCCD-234298F154F7}.Release|x64.Build.0 = Release|Any CPU
		{0FAC0EAB-73EF-484A-BCCD-234298F154F7}.Release|x86.ActiveCfg = Release|x86
		{0FAC0EAB-73EF-484A-BCCD-234298F154F7}.Release|x86.Build.0 = Release|x86
		{27E772D4-7D11-444C-9C0B-D2EF5EB2E74E}.Debug|Any CPU.ActiveCfg = Debug|Any CPU
		{27E772D4-7D11-444C-9C0B-D2EF5EB2E74E}.Debug|Any CPU.Build.0 = Debug|Any CPU
		{27E772D4-7D11-444C-9C0B-D2EF5EB2E74E}.Debug|x64.ActiveCfg = Debug|Any CPU
		{27E772D4-7D11-444C-9C0B-D2EF5EB2E74E}.Debug|x64.Build.0 = Debug|Any CPU
		{27E772D4-7D11-444C-9C0B-D2EF5EB2E74E}.Debug|x86.ActiveCfg = Debug|x86
		{27E772D4-7D11-444C-9C0B-D2EF5EB2E74E}.Debug|x86.Build.0 = Debug|x86
		{27E772D4-7D11-444C-9C0B-D2EF5EB2E74E}.Release|Any CPU.ActiveCfg = Release|Any CPU
		{27E772D4-7D11-444C-9C0B-D2EF5EB2E74E}.Release|Any CPU.Build.0 = Release|Any CPU
		{27E772D4-7D11-444C-9C0B-D2EF5EB2E74E}.Release|x64.ActiveCfg = Release|Any CPU
		{27E772D4-7D11-444C-9C0B-D2EF5EB2E74E}.Release|x64.Build.0 = Release|Any CPU
		{27E772D4-7D11-444C-9C0B-D2EF5EB2E74E}.Release|x86.ActiveCfg = Release|x86
		{27E772D4-7D11-444C-9C0B-D2EF5EB2E74E}.Release|x86.Build.0 = Release|x86
		{8F57D135-6588-40EA-A24C-9D314506C744}.Debug|Any CPU.ActiveCfg = Debug|Any CPU
		{8F57D135-6588-40EA-A24C-9D314506C744}.Debug|Any CPU.Build.0 = Debug|Any CPU
		{8F57D135-6588-40EA-A24C-9D314506C744}.Debug|x64.ActiveCfg = Debug|x64
		{8F57D135-6588-40EA-A24C-9D314506C744}.Debug|x64.Build.0 = Debug|x64
		{8F57D135-6588-40EA-A24C-9D314506C744}.Debug|x86.ActiveCfg = Debug|x86
		{8F57D135-6588-40EA-A24C-9D314506C744}.Debug|x86.Build.0 = Debug|x86
		{8F57D135-6588-40EA-A24C-9D314506C744}.Release|Any CPU.ActiveCfg = Release|Any CPU
		{8F57D135-6588-40EA-A24C-9D314506C744}.Release|Any CPU.Build.0 = Release|Any CPU
		{8F57D135-6588-40EA-A24C-9D314506C744}.Release|x64.ActiveCfg = Release|x64
		{8F57D135-6588-40EA-A24C-9D314506C744}.Release|x64.Build.0 = Release|x64
		{8F57D135-6588-40EA-A24C-9D314506C744}.Release|x86.ActiveCfg = Release|x86
		{8F57D135-6588-40EA-A24C-9D314506C744}.Release|x86.Build.0 = Release|x86
		{186741B3-818C-4A4C-9740-628061AAD7CB}.Debug|Any CPU.ActiveCfg = Debug|Any CPU
		{186741B3-818C-4A4C-9740-628061AAD7CB}.Debug|Any CPU.Build.0 = Debug|Any CPU
		{186741B3-818C-4A4C-9740-628061AAD7CB}.Debug|x64.ActiveCfg = Debug|x64
		{186741B3-818C-4A4C-9740-628061AAD7CB}.Debug|x64.Build.0 = Debug|x64
		{186741B3-818C-4A4C-9740-628061AAD7CB}.Debug|x86.ActiveCfg = Debug|x86
		{186741B3-818C-4A4C-9740-628061AAD7CB}.Debug|x86.Build.0 = Debug|x86
		{186741B3-818C-4A4C-9740-628061AAD7CB}.Release|Any CPU.ActiveCfg = Release|Any CPU
		{186741B3-818C-4A4C-9740-628061AAD7CB}.Release|Any CPU.Build.0 = Release|Any CPU
		{186741B3-818C-4A4C-9740-628061AAD7CB}.Release|x64.ActiveCfg = Release|x64
		{186741B3-818C-4A4C-9740-628061AAD7CB}.Release|x64.Build.0 = Release|x64
		{186741B3-818C-4A4C-9740-628061AAD7CB}.Release|x86.ActiveCfg = Release|x86
		{186741B3-818C-4A4C-9740-628061AAD7CB}.Release|x86.Build.0 = Release|x86
		{7BF75857-D65F-44E8-81A0-B31396EE81DB}.Debug|Any CPU.ActiveCfg = Debug|Any CPU
		{7BF75857-D65F-44E8-81A0-B31396EE81DB}.Debug|Any CPU.Build.0 = Debug|Any CPU
		{7BF75857-D65F-44E8-81A0-B31396EE81DB}.Debug|x64.ActiveCfg = Debug|x64
		{7BF75857-D65F-44E8-81A0-B31396EE81DB}.Debug|x64.Build.0 = Debug|x64
		{7BF75857-D65F-44E8-81A0-B31396EE81DB}.Debug|x86.ActiveCfg = Debug|x86
		{7BF75857-D65F-44E8-81A0-B31396EE81DB}.Debug|x86.Build.0 = Debug|x86
		{7BF75857-D65F-44E8-81A0-B31396EE81DB}.Release|Any CPU.ActiveCfg = Release|Any CPU
		{7BF75857-D65F-44E8-81A0-B31396EE81DB}.Release|Any CPU.Build.0 = Release|Any CPU
		{7BF75857-D65F-44E8-81A0-B31396EE81DB}.Release|x64.ActiveCfg = Release|x64
		{7BF75857-D65F-44E8-81A0-B31396EE81DB}.Release|x64.Build.0 = Release|x64
		{7BF75857-D65F-44E8-81A0-B31396EE81DB}.Release|x86.ActiveCfg = Release|x86
		{7BF75857-D65F-44E8-81A0-B31396EE81DB}.Release|x86.Build.0 = Release|x86
		{58C2A35C-7CB6-454C-AFF3-82345F2CE3BB}.Debug|Any CPU.ActiveCfg = Debug|Any CPU
		{58C2A35C-7CB6-454C-AFF3-82345F2CE3BB}.Debug|Any CPU.Build.0 = Debug|Any CPU
		{58C2A35C-7CB6-454C-AFF3-82345F2CE3BB}.Debug|x64.ActiveCfg = Debug|x64
		{58C2A35C-7CB6-454C-AFF3-82345F2CE3BB}.Debug|x64.Build.0 = Debug|x64
		{58C2A35C-7CB6-454C-AFF3-82345F2CE3BB}.Debug|x86.ActiveCfg = Debug|x86
		{58C2A35C-7CB6-454C-AFF3-82345F2CE3BB}.Debug|x86.Build.0 = Debug|x86
		{58C2A35C-7CB6-454C-AFF3-82345F2CE3BB}.Release|Any CPU.ActiveCfg = Release|Any CPU
		{58C2A35C-7CB6-454C-AFF3-82345F2CE3BB}.Release|Any CPU.Build.0 = Release|Any CPU
		{58C2A35C-7CB6-454C-AFF3-82345F2CE3BB}.Release|x64.ActiveCfg = Release|x64
		{58C2A35C-7CB6-454C-AFF3-82345F2CE3BB}.Release|x64.Build.0 = Release|x64
		{58C2A35C-7CB6-454C-AFF3-82345F2CE3BB}.Release|x86.ActiveCfg = Release|x86
		{58C2A35C-7CB6-454C-AFF3-82345F2CE3BB}.Release|x86.Build.0 = Release|x86
		{C97CCE3C-CDE7-48AC-AE08-741D6B74B486}.Debug|Any CPU.ActiveCfg = Debug|Any CPU
		{C97CCE3C-CDE7-48AC-AE08-741D6B74B486}.Debug|Any CPU.Build.0 = Debug|Any CPU
		{C97CCE3C-CDE7-48AC-AE08-741D6B74B486}.Debug|x64.ActiveCfg = Debug|x64
		{C97CCE3C-CDE7-48AC-AE08-741D6B74B486}.Debug|x64.Build.0 = Debug|x64
		{C97CCE3C-CDE7-48AC-AE08-741D6B74B486}.Debug|x86.ActiveCfg = Debug|x86
		{C97CCE3C-CDE7-48AC-AE08-741D6B74B486}.Debug|x86.Build.0 = Debug|x86
		{C97CCE3C-CDE7-48AC-AE08-741D6B74B486}.Release|Any CPU.ActiveCfg = Release|Any CPU
		{C97CCE3C-CDE7-48AC-AE08-741D6B74B486}.Release|Any CPU.Build.0 = Release|Any CPU
		{C97CCE3C-CDE7-48AC-AE08-741D6B74B486}.Release|x64.ActiveCfg = Release|x64
		{C97CCE3C-CDE7-48AC-AE08-741D6B74B486}.Release|x64.Build.0 = Release|x64
		{C97CCE3C-CDE7-48AC-AE08-741D6B74B486}.Release|x86.ActiveCfg = Release|x86
		{C97CCE3C-CDE7-48AC-AE08-741D6B74B486}.Release|x86.Build.0 = Release|x86
		{F010AE03-F775-499E-B71E-84E60034258C}.Debug|Any CPU.ActiveCfg = Debug|Any CPU
		{F010AE03-F775-499E-B71E-84E60034258C}.Debug|Any CPU.Build.0 = Debug|Any CPU
		{F010AE03-F775-499E-B71E-84E60034258C}.Debug|x64.ActiveCfg = Debug|x64
		{F010AE03-F775-499E-B71E-84E60034258C}.Debug|x64.Build.0 = Debug|x64
		{F010AE03-F775-499E-B71E-84E60034258C}.Debug|x86.ActiveCfg = Debug|x86
		{F010AE03-F775-499E-B71E-84E60034258C}.Debug|x86.Build.0 = Debug|x86
		{F010AE03-F775-499E-B71E-84E60034258C}.Release|Any CPU.ActiveCfg = Release|Any CPU
		{F010AE03-F775-499E-B71E-84E60034258C}.Release|Any CPU.Build.0 = Release|Any CPU
		{F010AE03-F775-499E-B71E-84E60034258C}.Release|x64.ActiveCfg = Release|x64
		{F010AE03-F775-499E-B71E-84E60034258C}.Release|x64.Build.0 = Release|x64
		{F010AE03-F775-499E-B71E-84E60034258C}.Release|x86.ActiveCfg = Release|x86
		{F010AE03-F775-499E-B71E-84E60034258C}.Release|x86.Build.0 = Release|x86
		{A99A7A05-43C4-4A5B-819F-2B4E8C830CAD}.Debug|Any CPU.ActiveCfg = Debug|Any CPU
		{A99A7A05-43C4-4A5B-819F-2B4E8C830CAD}.Debug|Any CPU.Build.0 = Debug|Any CPU
		{A99A7A05-43C4-4A5B-819F-2B4E8C830CAD}.Debug|x64.ActiveCfg = Debug|x64
		{A99A7A05-43C4-4A5B-819F-2B4E8C830CAD}.Debug|x64.Build.0 = Debug|x64
		{A99A7A05-43C4-4A5B-819F-2B4E8C830CAD}.Debug|x86.ActiveCfg = Debug|x86
		{A99A7A05-43C4-4A5B-819F-2B4E8C830CAD}.Debug|x86.Build.0 = Debug|x86
		{A99A7A05-43C4-4A5B-819F-2B4E8C830CAD}.Release|Any CPU.ActiveCfg = Release|Any CPU
		{A99A7A05-43C4-4A5B-819F-2B4E8C830CAD}.Release|Any CPU.Build.0 = Release|Any CPU
		{A99A7A05-43C4-4A5B-819F-2B4E8C830CAD}.Release|x64.ActiveCfg = Release|x64
		{A99A7A05-43C4-4A5B-819F-2B4E8C830CAD}.Release|x64.Build.0 = Release|x64
		{A99A7A05-43C4-4A5B-819F-2B4E8C830CAD}.Release|x86.ActiveCfg = Release|x86
		{A99A7A05-43C4-4A5B-819F-2B4E8C830CAD}.Release|x86.Build.0 = Release|x86
		{68C952E7-5827-4D4D-B1FF-60644C9BE974}.Debug|Any CPU.ActiveCfg = Debug|Any CPU
		{68C952E7-5827-4D4D-B1FF-60644C9BE974}.Debug|Any CPU.Build.0 = Debug|Any CPU
		{68C952E7-5827-4D4D-B1FF-60644C9BE974}.Debug|x64.ActiveCfg = Debug|x64
		{68C952E7-5827-4D4D-B1FF-60644C9BE974}.Debug|x64.Build.0 = Debug|x64
		{68C952E7-5827-4D4D-B1FF-60644C9BE974}.Debug|x86.ActiveCfg = Debug|x86
		{68C952E7-5827-4D4D-B1FF-60644C9BE974}.Debug|x86.Build.0 = Debug|x86
		{68C952E7-5827-4D4D-B1FF-60644C9BE974}.Release|Any CPU.ActiveCfg = Release|Any CPU
		{68C952E7-5827-4D4D-B1FF-60644C9BE974}.Release|Any CPU.Build.0 = Release|Any CPU
		{68C952E7-5827-4D4D-B1FF-60644C9BE974}.Release|x64.ActiveCfg = Release|x64
		{68C952E7-5827-4D4D-B1FF-60644C9BE974}.Release|x64.Build.0 = Release|x64
		{68C952E7-5827-4D4D-B1FF-60644C9BE974}.Release|x86.ActiveCfg = Release|x86
		{68C952E7-5827-4D4D-B1FF-60644C9BE974}.Release|x86.Build.0 = Release|x86
		{B6F4D8B7-CAD9-4341-BBBF-D20F1883C571}.Debug|Any CPU.ActiveCfg = Debug|Any CPU
		{B6F4D8B7-CAD9-4341-BBBF-D20F1883C571}.Debug|Any CPU.Build.0 = Debug|Any CPU
		{B6F4D8B7-CAD9-4341-BBBF-D20F1883C571}.Debug|x64.ActiveCfg = Debug|x64
		{B6F4D8B7-CAD9-4341-BBBF-D20F1883C571}.Debug|x64.Build.0 = Debug|x64
		{B6F4D8B7-CAD9-4341-BBBF-D20F1883C571}.Debug|x86.ActiveCfg = Debug|x86
		{B6F4D8B7-CAD9-4341-BBBF-D20F1883C571}.Debug|x86.Build.0 = Debug|x86
		{B6F4D8B7-CAD9-4341-BBBF-D20F1883C571}.Release|Any CPU.ActiveCfg = Release|Any CPU
		{B6F4D8B7-CAD9-4341-BBBF-D20F1883C571}.Release|Any CPU.Build.0 = Release|Any CPU
		{B6F4D8B7-CAD9-4341-BBBF-D20F1883C571}.Release|x64.ActiveCfg = Release|x64
		{B6F4D8B7-CAD9-4341-BBBF-D20F1883C571}.Release|x64.Build.0 = Release|x64
		{B6F4D8B7-CAD9-4341-BBBF-D20F1883C571}.Release|x86.ActiveCfg = Release|x86
		{B6F4D8B7-CAD9-4341-BBBF-D20F1883C571}.Release|x86.Build.0 = Release|x86
	EndGlobalSection
	GlobalSection(SolutionProperties) = preSolution
		HideSolutionNode = FALSE
	EndGlobalSection
	GlobalSection(NestedProjects) = preSolution
		{0FAC0EAB-73EF-484A-BCCD-234298F154F7} = {EBD166B2-CD05-4841-8B90-D44612E83148}
		{27E772D4-7D11-444C-9C0B-D2EF5EB2E74E} = {EBD166B2-CD05-4841-8B90-D44612E83148}
		{8F57D135-6588-40EA-A24C-9D314506C744} = {A244B34F-7EB8-48D2-806F-332DA5B6898D}
		{078B8B34-626E-4AC9-A3E7-EF5402C2AD4F} = {A244B34F-7EB8-48D2-806F-332DA5B6898D}
		{CD147DF6-8430-4466-9F02-7E33A810BC0C} = {A244B34F-7EB8-48D2-806F-332DA5B6898D}
		{186741B3-818C-4A4C-9740-628061AAD7CB} = {078B8B34-626E-4AC9-A3E7-EF5402C2AD4F}
		{7BF75857-D65F-44E8-81A0-B31396EE81DB} = {078B8B34-626E-4AC9-A3E7-EF5402C2AD4F}
		{58C2A35C-7CB6-454C-AFF3-82345F2CE3BB} = {CD147DF6-8430-4466-9F02-7E33A810BC0C}
		{C97CCE3C-CDE7-48AC-AE08-741D6B74B486} = {CD147DF6-8430-4466-9F02-7E33A810BC0C}
		{F010AE03-F775-499E-B71E-84E60034258C} = {CD147DF6-8430-4466-9F02-7E33A810BC0C}
		{A99A7A05-43C4-4A5B-819F-2B4E8C830CAD} = {CD147DF6-8430-4466-9F02-7E33A810BC0C}
		{68C952E7-5827-4D4D-B1FF-60644C9BE974} = {CD147DF6-8430-4466-9F02-7E33A810BC0C}
		{B6F4D8B7-CAD9-4341-BBBF-D20F1883C571} = {CD147DF6-8430-4466-9F02-7E33A810BC0C}
	EndGlobalSection
	GlobalSection(ExtensibilityGlobals) = postSolution
		SolutionGuid = {2E1CD7FB-BF3B-4273-82B4-639EB2F108A3}
	EndGlobalSection
EndGlobal
